<?xml version="1.0" encoding="utf-8"?>
<Project ToolsVersion="4.0" xmlns="http://schemas.microsoft.com/developer/msbuild/2003">
  <ItemGroup>
    <Filter Include="ソース ファイル">
      <UniqueIdentifier>{4FC737F1-C7A5-4376-A066-2A32D752A2FF}</UniqueIdentifier>
      <Extensions>cpp;c;cc;cxx;def;odl;idl;hpj;bat;asm;asmx</Extensions>
    </Filter>
    <Filter Include="ヘッダー ファイル">
      <UniqueIdentifier>{93995380-89BD-4b04-88EB-625FBE52EBFB}</UniqueIdentifier>
      <Extensions>h;hh;hpp;hxx;hm;inl;inc;xsd</Extensions>
    </Filter>
    <Filter Include="リソース ファイル">
      <UniqueIdentifier>{67DA6AB6-F800-4c08-8B7A-83BB121AAD01}</UniqueIdentifier>
      <Extensions>rc;ico;cur;bmp;dlg;rc2;rct;bin;rgs;gif;jpg;jpeg;jpe;resx;tiff;tif;png;wav;mfcribbon-ms</Extensions>
    </Filter>
    <Filter Include="ヘッダー ファイル\game_main">
      <UniqueIdentifier>{7e9ca7b2-0786-4a54-a9c6-f114d3eb5eb0}</UniqueIdentifier>
    </Filter>
    <Filter Include="ヘッダー ファイル\game_util">
      <UniqueIdentifier>{fec6c690-540b-4c03-85c2-a3b07dca8c36}</UniqueIdentifier>
    </Filter>
    <Filter Include="テンプレート">
      <UniqueIdentifier>{43876789-27bb-455f-a278-4fea51eed04b}</UniqueIdentifier>
    </Filter>
    <Filter Include="メモ">
      <UniqueIdentifier>{950bfbe3-91d4-4c1d-b829-f832b669eb63}</UniqueIdentifier>
    </Filter>
    <Filter Include="ソース ファイル\game_main">
      <UniqueIdentifier>{c8c33315-c84d-4ebd-bdcb-b7bf16ab4ae3}</UniqueIdentifier>
    </Filter>
    <Filter Include="ヘッダー ファイル\game_main\shooting">
      <UniqueIdentifier>{e91dc125-bd72-410e-9e7d-9b9410d6b041}</UniqueIdentifier>
    </Filter>
  </ItemGroup>
  <ItemGroup>
    <Text Include="ReadMe.txt" />
    <Text Include="todo.txt">
      <Filter>メモ</Filter>
    </Text>
    <Text Include="入力ルール等.txt">
      <Filter>メモ</Filter>
    </Text>
  </ItemGroup>
  <ItemGroup>
    <ClInclude Include="stdafx.h">
      <Filter>ヘッダー ファイル</Filter>
    </ClInclude>
    <ClInclude Include="targetver.h">
      <Filter>ヘッダー ファイル</Filter>
    </ClInclude>
    <ClInclude Include="Resource.h">
      <Filter>ヘッダー ファイル</Filter>
    </ClInclude>
    <ClInclude Include="fsw.h">
      <Filter>ヘッダー ファイル</Filter>
    </ClInclude>
    <ClInclude Include="AppBase.h">
      <Filter>ヘッダー ファイル</Filter>
    </ClInclude>
    <ClInclude Include="block_blake.h">
      <Filter>ヘッダー ファイル\game_main</Filter>
    </ClInclude>
    <ClInclude Include="stick_erase.h">
      <Filter>ヘッダー ファイル\game_main</Filter>
    </ClInclude>
    <ClInclude Include="fps_keeper.h">
      <Filter>ヘッダー ファイル\game_util</Filter>
    </ClInclude>
    <ClInclude Include="game_common.h">
      <Filter>ヘッダー ファイル\game_util</Filter>
    </ClInclude>
    <ClInclude Include="input_manager.h">
      <Filter>ヘッダー ファイル\game_util</Filter>
    </ClInclude>
    <ClInclude Include="main_menu.h">
      <Filter>ヘッダー ファイル\game_main</Filter>
    </ClInclude>
    <ClInclude Include="button.h">
      <Filter>ヘッダー ファイル\game_util</Filter>
    </ClInclude>
    <ClInclude Include="game-template.h">
      <Filter>テンプレート</Filter>
    </ClInclude>
    <ClInclude Include="draw_sync_helper.h">
      <Filter>ヘッダー ファイル\game_util</Filter>
    </ClInclude>
    <ClInclude Include="shooting.h">
      <Filter>ヘッダー ファイル\game_main\shooting</Filter>
    </ClInclude>
  </ItemGroup>
  <ItemGroup>
    <ClCompile Include="stdafx.cpp">
      <Filter>ソース ファイル</Filter>
    </ClCompile>
    <ClCompile Include="AppBase.cpp">
      <Filter>ソース ファイル</Filter>
    </ClCompile>
    <ClCompile Include="main.cpp">
      <Filter>ソース ファイル</Filter>
    </ClCompile>
    <ClCompile Include="game-template.cpp">
      <Filter>テンプレート</Filter>
    </ClCompile>
    <ClCompile Include="main_menu.cpp">
      <Filter>ソース ファイル\game_main</Filter>
    </ClCompile>
    <ClCompile Include="block_brake.cpp">
      <Filter>ソース ファイル\game_main</Filter>
    </ClCompile>
    <ClCompile Include="stick_erase.cpp">
      <Filter>ソース ファイル\game_main</Filter>
    </ClCompile>
    <ClCompile Include="shooting.cpp">
      <Filter>ソース ファイル\game_main</Filter>
    </ClCompile>
  </ItemGroup>
  <ItemGroup>
    <ResourceCompile Include="fsw.rc">
      <Filter>リソース ファイル</Filter>
    </ResourceCompile>
  </ItemGroup>
  <ItemGroup>
    <Image Include="small.ico">
      <Filter>リソース ファイル</Filter>
    </Image>
    <Image Include="fsw.ico">
      <Filter>リソース ファイル</Filter>
    </Image>
  </ItemGroup>
</Project>